// !$*UTF8*$!
{
	archiveVersion = 1;
	classes = {
	};
	objectVersion = 55;
	objects = {

/* Begin PBXBuildFile section */
		9F07DA8228D7078100B6B96B /* SocialAppApp.swift in Sources */ = {isa = PBXBuildFile; fileRef = 9F07DA8128D7078100B6B96B /* SocialAppApp.swift */; };
		9F07DA8428D7078100B6B96B /* ContentView.swift in Sources */ = {isa = PBXBuildFile; fileRef = 9F07DA8328D7078100B6B96B /* ContentView.swift */; };
		9F07DA8628D7078300B6B96B /* Assets.xcassets in Resources */ = {isa = PBXBuildFile; fileRef = 9F07DA8528D7078300B6B96B /* Assets.xcassets */; };
		9F07DA8928D7078300B6B96B /* Preview Assets.xcassets in Resources */ = {isa = PBXBuildFile; fileRef = 9F07DA8828D7078300B6B96B /* Preview Assets.xcassets */; };
		9F07DA9328D7078300B6B96B /* SocialAppTests.swift in Sources */ = {isa = PBXBuildFile; fileRef = 9F07DA9228D7078300B6B96B /* SocialAppTests.swift */; };
		9F07DA9D28D7078300B6B96B /* SocialAppUITests.swift in Sources */ = {isa = PBXBuildFile; fileRef = 9F07DA9C28D7078300B6B96B /* SocialAppUITests.swift */; };
		9F07DA9F28D7078300B6B96B /* SocialAppUITestsLaunchTests.swift in Sources */ = {isa = PBXBuildFile; fileRef = 9F07DA9E28D7078300B6B96B /* SocialAppUITestsLaunchTests.swift */; };
		9F07DAAC28D707FC00B6B96B /* FeedItem.swift in Sources */ = {isa = PBXBuildFile; fileRef = 9F07DAAB28D707FC00B6B96B /* FeedItem.swift */; };
/* End PBXBuildFile section */

/* Begin PBXContainerItemProxy section */
		9F07DA8F28D7078300B6B96B /* PBXContainerItemProxy */ = {
			isa = PBXContainerItemProxy;
			containerPortal = 9F07DA7628D7078100B6B96B /* Project object */;
			proxyType = 1;
			remoteGlobalIDString = 9F07DA7D28D7078100B6B96B;
			remoteInfo = SocialApp;
		};
		9F07DA9928D7078300B6B96B /* PBXContainerItemProxy */ = {
			isa = PBXContainerItemProxy;
			containerPortal = 9F07DA7628D7078100B6B96B /* Project object */;
			proxyType = 1;
			remoteGlobalIDString = 9F07DA7D28D7078100B6B96B;
			remoteInfo = SocialApp;
		};
/* End PBXContainerItemProxy section */

/* Begin PBXFileReference section */
		9F07DA7E28D7078100B6B96B /* SocialApp.app */ = {isa = PBXFileReference; explicitFileType = wrapper.application; includeInIndex = 0; path = SocialApp.app; sourceTree = BUILT_PRODUCTS_DIR; };
		9F07DA8128D7078100B6B96B /* SocialAppApp.swift */ = {isa = PBXFileReference; lastKnownFileType = sourcecode.swift; path = SocialAppApp.swift; sourceTree = "<group>"; };
		9F07DA8328D7078100B6B96B /* ContentView.swift */ = {isa = PBXFileReference; lastKnownFileType = sourcecode.swift; path = ContentView.swift; sourceTree = "<group>"; };
		9F07DA8528D7078300B6B96B /* Assets.xcassets */ = {isa = PBXFileReference; lastKnownFileType = folder.assetcatalog; path = Assets.xcassets; sourceTree = "<group>"; };
		9F07DA8828D7078300B6B96B /* Preview Assets.xcassets */ = {isa = PBXFileReference; lastKnownFileType = folder.assetcatalog; path = "Preview Assets.xcassets"; sourceTree = "<group>"; };
		9F07DA8E28D7078300B6B96B /* SocialAppTests.xctest */ = {isa = PBXFileReference; explicitFileType = wrapper.cfbundle; includeInIndex = 0; path = SocialAppTests.xctest; sourceTree = BUILT_PRODUCTS_DIR; };
		9F07DA9228D7078300B6B96B /* SocialAppTests.swift */ = {isa = PBXFileReference; lastKnownFileType = sourcecode.swift; path = SocialAppTests.swift; sourceTree = "<group>"; };
		9F07DA9828D7078300B6B96B /* SocialAppUITests.xctest */ = {isa = PBXFileReference; explicitFileType = wrapper.cfbundle; includeInIndex = 0; path = SocialAppUITests.xctest; sourceTree = BUILT_PRODUCTS_DIR; };
		9F07DA9C28D7078300B6B96B /* SocialAppUITests.swift */ = {isa = PBXFileReference; lastKnownFileType = sourcecode.swift; path = SocialAppUITests.swift; sourceTree = "<group>"; };
		9F07DA9E28D7078300B6B96B /* SocialAppUITestsLaunchTests.swift */ = {isa = PBXFileReference; lastKnownFileType = sourcecode.swift; path = SocialAppUITestsLaunchTests.swift; sourceTree = "<group>"; };
		9F07DAAB28D707FC00B6B96B /* FeedItem.swift */ = {isa = PBXFileReference; lastKnownFileType = sourcecode.swift; path = FeedItem.swift; sourceTree = "<group>"; };
/* End PBXFileReference section */

/* Begin PBXFrameworksBuildPhase section */
		9F07DA7B28D7078100B6B96B /* Frameworks */ = {
			isa = PBXFrameworksBuildPhase;
			buildActionMask = 2147483647;
			files = (
			);
			runOnlyForDeploymentPostprocessing = 0;
		};
		9F07DA8B28D7078300B6B96B /* Frameworks */ = {
			isa = PBXFrameworksBuildPhase;
			buildActionMask = 2147483647;
			files = (
			);
			runOnlyForDeploymentPostprocessing = 0;
		};
		9F07DA9528D7078300B6B96B /* Frameworks */ = {
			isa = PBXFrameworksBuildPhase;
			buildActionMask = 2147483647;
			files = (
			);
			runOnlyForDeploymentPostprocessing = 0;
		};
/* End PBXFrameworksBuildPhase section */

/* Begin PBXGroup section */
		9F07DA7528D7078100B6B96B = {
			isa = PBXGroup;
			children = (
				9F07DA8028D7078100B6B96B /* SocialApp */,
				9F07DA9128D7078300B6B96B /* SocialAppTests */,
				9F07DA9B28D7078300B6B96B /* SocialAppUITests */,
				9F07DA7F28D7078100B6B96B /* Products */,
			);
			sourceTree = "<group>";
		};
		9F07DA7F28D7078100B6B96B /* Products */ = {
			isa = PBXGroup;
			children = (
				9F07DA7E28D7078100B6B96B /* SocialApp.app */,
				9F07DA8E28D7078300B6B96B /* SocialAppTests.xctest */,
				9F07DA9828D7078300B6B96B /* SocialAppUITests.xctest */,
			);
			name = Products;
			sourceTree = "<group>";
		};
		9F07DA8028D7078100B6B96B /* SocialApp */ = {
			isa = PBXGroup;
			children = (
				9F07DA8128D7078100B6B96B /* SocialAppApp.swift */,
				9F07DA8328D7078100B6B96B /* ContentView.swift */,
				9F07DAAB28D707FC00B6B96B /* FeedItem.swift */,
				9F07DA8528D7078300B6B96B /* Assets.xcassets */,
				9F07DA8728D7078300B6B96B /* Preview Content */,
			);
			path = SocialApp;
			sourceTree = "<group>";
		};
		9F07DA8728D7078300B6B96B /* Preview Content */ = {
			isa = PBXGroup;
			children = (
				9F07DA8828D7078300B6B96B /* Preview Assets.xcassets */,
			);
			path = "Preview Content";
			sourceTree = "<group>";
		};
		9F07DA9128D7078300B6B96B /* SocialAppTests */ = {
			isa = PBXGroup;
			children = (
				9F07DA9228D7078300B6B96B /* SocialAppTests.swift */,
			);
			path = SocialAppTests;
			sourceTree = "<group>";
		};
		9F07DA9B28D7078300B6B96B /* SocialAppUITests */ = {
			isa = PBXGroup;
			children = (
				9F07DA9C28D7078300B6B96B /* SocialAppUITests.swift */,
				9F07DA9E28D7078300B6B96B /* SocialAppUITestsLaunchTests.swift */,
			);
			path = SocialAppUITests;
			sourceTree = "<group>";
		};
/* End PBXGroup section */

/* Begin PBXNativeTarget section */
		9F07DA7D28D7078100B6B96B /* SocialApp */ = {
			isa = PBXNativeTarget;
			buildConfigurationList = 9F07DAA228D7078300B6B96B /* Build configuration list for PBXNativeTarget "SocialApp" */;
			buildPhases = (
				9F07DA7A28D7078100B6B96B /* Sources */,
				9F07DA7B28D7078100B6B96B /* Frameworks */,
				9F07DA7C28D7078100B6B96B /* Resources */,
			);
			buildRules = (
			);
			dependencies = (
			);
			name = SocialApp;
			productName = SocialApp;
			productReference = 9F07DA7E28D7078100B6B96B /* SocialApp.app */;
			productType = "com.apple.product-type.application";
		};
		9F07DA8D28D7078300B6B96B /* SocialAppTests */ = {
			isa = PBXNativeTarget;
			buildConfigurationList = 9F07DAA528D7078300B6B96B /* Build configuration list for PBXNativeTarget "SocialAppTests" */;
			buildPhases = (
				9F07DA8A28D7078300B6B96B /* Sources */,
				9F07DA8B28D7078300B6B96B /* Frameworks */,
				9F07DA8C28D7078300B6B96B /* Resources */,
			);
			buildRules = (
			);
			dependencies = (
				9F07DA9028D7078300B6B96B /* PBXTargetDependency */,
			);
			name = SocialAppTests;
			productName = SocialAppTests;
			productReference = 9F07DA8E28D7078300B6B96B /* SocialAppTests.xctest */;
			productType = "com.apple.product-type.bundle.unit-test";
		};
		9F07DA9728D7078300B6B96B /* SocialAppUITests */ = {
			isa = PBXNativeTarget;
			buildConfigurationList = 9F07DAA828D7078300B6B96B /* Build configuration list for PBXNativeTarget "SocialAppUITests" */;
			buildPhases = (
				9F07DA9428D7078300B6B96B /* Sources */,
				9F07DA9528D7078300B6B96B /* Frameworks */,
				9F07DA9628D7078300B6B96B /* Resources */,
			);
			buildRules = (
			);
			dependencies = (
				9F07DA9A28D7078300B6B96B /* PBXTargetDependency */,
			);
			name = SocialAppUITests;
			productName = SocialAppUITests;
			productReference = 9F07DA9828D7078300B6B96B /* SocialAppUITests.xctest */;
			productType = "com.apple.product-type.bundle.ui-testing";
		};
/* End PBXNativeTarget section */

/* Begin PBXProject section */
		9F07DA7628D7078100B6B96B /* Project object */ = {
			isa = PBXProject;
			attributes = {
				BuildIndependentTargetsInParallel = 1;
				LastSwiftUpdateCheck = 1340;
				LastUpgradeCheck = 1340;
				TargetAttributes = {
					9F07DA7D28D7078100B6B96B = {
						CreatedOnToolsVersion = 13.4.1;
					};
					9F07DA8D28D7078300B6B96B = {
						CreatedOnToolsVersion = 13.4.1;
						TestTargetID = 9F07DA7D28D7078100B6B96B;
					};
					9F07DA9728D7078300B6B96B = {
						CreatedOnToolsVersion = 13.4.1;
						TestTargetID = 9F07DA7D28D7078100B6B96B;
					};
				};
			};
			buildConfigurationList = 9F07DA7928D7078100B6B96B /* Build configuration list for PBXProject "SocialApp" */;
			compatibilityVersion = "Xcode 13.0";
			developmentRegion = en;
			hasScannedForEncodings = 0;
			knownRegions = (
				en,
				Base,
			);
			mainGroup = 9F07DA7528D7078100B6B96B;
			productRefGroup = 9F07DA7F28D7078100B6B96B /* Products */;
			projectDirPath = "";
			projectRoot = "";
			targets = (
				9F07DA7D28D7078100B6B96B /* SocialApp */,
				9F07DA8D28D7078300B6B96B /* SocialAppTests */,
				9F07DA9728D7078300B6B96B /* SocialAppUITests */,
			);
		};
/* End PBXProject section */

/* Begin PBXResourcesBuildPhase section */
		9F07DA7C28D7078100B6B96B /* Resources */ = {
			isa = PBXResourcesBuildPhase;
			buildActionMask = 2147483647;
			files = (
				9F07DA8928D7078300B6B96B /* Preview Assets.xcassets in Resources */,
				9F07DA8628D7078300B6B96B /* Assets.xcassets in Resources */,
			);
			runOnlyForDeploymentPostprocessing = 0;
		};
		9F07DA8C28D7078300B6B96B /* Resources */ = {
			isa = PBXResourcesBuildPhase;
			buildActionMask = 2147483647;
			files = (
			);
			runOnlyForDeploymentPostprocessing = 0;
		};
		9F07DA9628D7078300B6B96B /* Resources */ = {
			isa = PBXResourcesBuildPhase;
			buildActionMask = 2147483647;
			files = (
			);
			runOnlyForDeploymentPostprocessing = 0;
		};
/* End PBXResourcesBuildPhase section */

/* Begin PBXSourcesBuildPhase section */
		9F07DA7A28D7078100B6B96B /* Sources */ = {
			isa = PBXSourcesBuildPhase;
			buildActionMask = 2147483647;
			files = (
				9F07DA8428D7078100B6B96B /* ContentView.swift in Sources */,
				9F07DA8228D7078100B6B96B /* SocialAppApp.swift in Sources */,
				9F07DAAC28D707FC00B6B96B /* FeedItem.swift in Sources */,
			);
			runOnlyForDeploymentPostprocessing = 0;
		};
		9F07DA8A28D7078300B6B96B /* Sources */ = {
			isa = PBXSourcesBuildPhase;
			buildActionMask = 2147483647;
			files = (
				9F07DA9328D7078300B6B96B /* SocialAppTests.swift in Sources */,
			);
			runOnlyForDeploymentPostprocessing = 0;
		};
		9F07DA9428D7078300B6B96B /* Sources */ = {
			isa = PBXSourcesBuildPhase;
			buildActionMask = 2147483647;
			files = (
				9F07DA9D28D7078300B6B96B /* SocialAppUITests.swift in Sources */,
				9F07DA9F28D7078300B6B96B /* SocialAppUITestsLaunchTests.swift in Sources */,
			);
			runOnlyForDeploymentPostprocessing = 0;
		};
/* End PBXSourcesBuildPhase section */

/* Begin PBXTargetDependency section */
		9F07DA9028D7078300B6B96B /* PBXTargetDependency */ = {
			isa = PBXTargetDependency;
			target = 9F07DA7D28D7078100B6B96B /* SocialApp */;
			targetProxy = 9F07DA8F28D7078300B6B96B /* PBXContainerItemProxy */;
		};
		9F07DA9A28D7078300B6B96B /* PBXTargetDependency */ = {
			isa = PBXTargetDependency;
			target = 9F07DA7D28D7078100B6B96B /* SocialApp */;
			targetProxy = 9F07DA9928D7078300B6B96B /* PBXContainerItemProxy */;
		};
/* End PBXTargetDependency section */

/* Begin XCBuildConfiguration section */
		9F07DAA028D7078300B6B96B /* Debug */ = {
			isa = XCBuildConfiguration;
			buildSettings = {
				ALWAYS_SEARCH_USER_PATHS = NO;
				CLANG_ANALYZER_NONNULL = YES;
				CLANG_ANALYZER_NUMBER_OBJECT_CONVERSION = YES_AGGRESSIVE;
				CLANG_CXX_LANGUAGE_STANDARD = "gnu++17";
				CLANG_ENABLE_MODULES = YES;
				CLANG_ENABLE_OBJC_ARC = YES;
				CLANG_ENABLE_OBJC_WEAK = YES;
				CLANG_WARN_BLOCK_CAPTURE_AUTORELEASING = YES;
				CLANG_WARN_BOOL_CONVERSION = YES;
				CLANG_WARN_COMMA = YES;
				CLANG_WARN_CONSTANT_CONVERSION = YES;
				CLANG_WARN_DEPRECATED_OBJC_IMPLEMENTATIONS = YES;
				CLANG_WARN_DIRECT_OBJC_ISA_USAGE = YES_ERROR;
				CLANG_WARN_DOCUMENTATION_COMMENTS = YES;
				CLANG_WARN_EMPTY_BODY = YES;
				CLANG_WARN_ENUM_CONVERSION = YES;
				CLANG_WARN_INFINITE_RECURSION = YES;
				CLANG_WARN_INT_CONVERSION = YES;
				CLANG_WARN_NON_LITERAL_NULL_CONVERSION = YES;
				CLANG_WARN_OBJC_IMPLICIT_RETAIN_SELF = YES;
				CLANG_WARN_OBJC_LITERAL_CONVERSION = YES;
				CLANG_WARN_OBJC_ROOT_CLASS = YES_ERROR;
				CLANG_WARN_QUOTED_INCLUDE_IN_FRAMEWORK_HEADER = YES;
				CLANG_WARN_RANGE_LOOP_ANALYSIS = YES;
				CLANG_WARN_STRICT_PROTOTYPES = YES;
				CLANG_WARN_SUSPICIOUS_MOVE = YES;
				CLANG_WARN_UNGUARDED_AVAILABILITY = YES_AGGRESSIVE;
				CLANG_WARN_UNREACHABLE_CODE = YES;
				CLANG_WARN__DUPLICATE_METHOD_MATCH = YES;
				COPY_PHASE_STRIP = NO;
				DEBUG_INFORMATION_FORMAT = dwarf;
				ENABLE_STRICT_OBJC_MSGSEND = YES;
				ENABLE_TESTABILITY = YES;
				GCC_C_LANGUAGE_STANDARD = gnu11;
				GCC_DYNAMIC_NO_PIC = NO;
				GCC_NO_COMMON_BLOCKS = YES;
				GCC_OPTIMIZATION_LEVEL = 0;
				GCC_PREPROCESSOR_DEFINITIONS = (
					"DEBUG=1",
					"$(inherited)",
				);
				GCC_WARN_64_TO_32_BIT_CONVERSION = YES;
				GCC_WARN_ABOUT_RETURN_TYPE = YES_ERROR;
				GCC_WARN_UNDECLARED_SELECTOR = YES;
				GCC_WARN_UNINITIALIZED_AUTOS = YES_AGGRESSIVE;
				GCC_WARN_UNUSED_FUNCTION = YES;
				GCC_WARN_UNUSED_VARIABLE = YES;
				IPHONEOS_DEPLOYMENT_TARGET = 15.5;
				MTL_ENABLE_DEBUG_INFO = INCLUDE_SOURCE;
				MTL_FAST_MATH = YES;
				ONLY_ACTIVE_ARCH = YES;
				SDKROOT = iphoneos;
				SWIFT_ACTIVE_COMPILATION_CONDITIONS = DEBUG;
				SWIFT_OPTIMIZATION_LEVEL = "-Onone";
			};
			name = Debug;
		};
		9F07DAA128D7078300B6B96B /* Release */ = {
			isa = XCBuildConfiguration;
			buildSettings = {
				ALWAYS_SEARCH_USER_PATHS = NO;
				CLANG_ANALYZER_NONNULL = YES;
				CLANG_ANALYZER_NUMBER_OBJECT_CONVERSION = YES_AGGRESSIVE;
				CLANG_CXX_LANGUAGE_STANDARD = "gnu++17";
				CLANG_ENABLE_MODULES = YES;
				CLANG_ENABLE_OBJC_ARC = YES;
				CLANG_ENABLE_OBJC_WEAK = YES;
				CLANG_WARN_BLOCK_CAPTURE_AUTORELEASING = YES;
				CLANG_WARN_BOOL_CONVERSION = YES;
				CLANG_WARN_COMMA = YES;
				CLANG_WARN_CONSTANT_CONVERSION = YES;
				CLANG_WARN_DEPRECATED_OBJC_IMPLEMENTATIONS = YES;
				CLANG_WARN_DIRECT_OBJC_ISA_USAGE = YES_ERROR;
				CLANG_WARN_DOCUMENTATION_COMMENTS = YES;
				CLANG_WARN_EMPTY_BODY = YES;
				CLANG_WARN_ENUM_CONVERSION = YES;
				CLANG_WARN_INFINITE_RECURSION = YES;
				CLANG_WARN_INT_CONVERSION = YES;
				CLANG_WARN_NON_LITERAL_NULL_CONVERSION = YES;
				CLANG_WARN_OBJC_IMPLICIT_RETAIN_SELF = YES;
				CLANG_WARN_OBJC_LITERAL_CONVERSION = YES;
				CLANG_WARN_OBJC_ROOT_CLASS = YES_ERROR;
				CLANG_WARN_QUOTED_INCLUDE_IN_FRAMEWORK_HEADER = YES;
				CLANG_WARN_RANGE_LOOP_ANALYSIS = YES;
				CLANG_WARN_STRICT_PROTOTYPES = YES;
				CLANG_WARN_SUSPICIOUS_MOVE = YES;
				CLANG_WARN_UNGUARDED_AVAILABILITY = YES_AGGRESSIVE;
				CLANG_WARN_UNREACHABLE_CODE = YES;
				CLANG_WARN__DUPLICATE_METHOD_MATCH = YES;
				COPY_PHASE_STRIP = NO;
				DEBUG_INFORMATION_FORMAT = "dwarf-with-dsym";
				ENABLE_NS_ASSERTIONS = NO;
				ENABLE_STRICT_OBJC_MSGSEND = YES;
				GCC_C_LANGUAGE_STANDARD = gnu11;
				GCC_NO_COMMON_BLOCKS = YES;
				GCC_WARN_64_TO_32_BIT_CONVERSION = YES;
				GCC_WARN_ABOUT_RETURN_TYPE = YES_ERROR;
				GCC_WARN_UNDECLARED_SELECTOR = YES;
				GCC_WARN_UNINITIALIZED_AUTOS = YES_AGGRESSIVE;
				GCC_WARN_UNUSED_FUNCTION = YES;
				GCC_WARN_UNUSED_VARIABLE = YES;
				IPHONEOS_DEPLOYMENT_TARGET = 15.5;
				MTL_ENABLE_DEBUG_INFO = NO;
				MTL_FAST_MATH = YES;
				SDKROOT = iphoneos;
				SWIFT_COMPILATION_MODE = wholemodule;
				SWIFT_OPTIMIZATION_LEVEL = "-O";
				VALIDATE_PRODUCT = YES;
			};
			name = Release;
		};
		9F07DAA328D7078300B6B96B /* Debug */ = {
			isa = XCBuildConfiguration;
			buildSettings = {
				ASSETCATALOG_COMPILER_APPICON_NAME = AppIcon;
				ASSETCATALOG_COMPILER_GLOBAL_ACCENT_COLOR_NAME = AccentColor;
				CODE_SIGN_STYLE = Automatic;
				CURRENT_PROJECT_VERSION = 1;
				DEVELOPMENT_ASSET_PATHS = "\"SocialApp/Preview Content\"";
				ENABLE_PREVIEWS = YES;
				GENERATE_INFOPLIST_FILE = YES;
				INFOPLIST_KEY_UIApplicationSceneManifest_Generation = YES;
				INFOPLIST_KEY_UIApplicationSupportsIndirectInputEvents = YES;
				INFOPLIST_KEY_UILaunchScreen_Generation = YES;
				INFOPLIST_KEY_UISupportedInterfaceOrientations_iPad = "UIInterfaceOrientationPortrait UIInterfaceOrientationPortraitUpsideDown UIInterfaceOrientationLandscapeLeft UIInterfaceOrientationLandscapeRight";
				INFOPLIST_KEY_UISupportedInterfaceOrientations_iPhone = "UIInterfaceOrientationPortrait UIInterfaceOrientationLandscapeLeft UIInterfaceOrientationLandscapeRight";
				LD_RUNPATH_SEARCH_PATHS = (
					"$(inherited)",
					"@executable_path/Frameworks",
				);
				MARKETING_VERSION = 1.0;
				PRODUCT_BUNDLE_IDENTIFIER = com.guvenkaranfil.SocialApp;
				PRODUCT_NAME = "$(TARGET_NAME)";
				SWIFT_EMIT_LOC_STRINGS = YES;
				SWIFT_VERSION = 5.0;
				TARGETED_DEVICE_FAMILY = "1,2";
			};
			name = Debug;
		};
		9F07DAA428D7078300B6B96B /* Release */ = {
			isa = XCBuildConfiguration;
			buildSettings = {
				ASSETCATALOG_COMPILER_APPICON_NAME = AppIcon;
				ASSETCATALOG_COMPILER_GLOBAL_ACCENT_COLOR_NAME = AccentColor;
				CODE_SIGN_STYLE = Automatic;
				CURRENT_PROJECT_VERSION = 1;
				DEVELOPMENT_ASSET_PATHS = "\"SocialApp/Preview Content\"";
				ENABLE_PREVIEWS = YES;
				GENERATE_INFOPLIST_FILE = YES;
				INFOPLIST_KEY_UIApplicationSceneManifest_Generation = YES;
				INFOPLIST_KEY_UIApplicationSupportsIndirectInputEvents = YES;
				INFOPLIST_KEY_UILaunchScreen_Generation = YES;
				INFOPLIST_KEY_UISupportedInterfaceOrientations_iPad = "UIInterfaceOrientationPortrait UIInterfaceOrientationPortraitUpsideDown UIInterfaceOrientationLandscapeLeft UIInterfaceOrientationLandscapeRight";
				INFOPLIST_KEY_UISupportedInterfaceOrientations_iPhone = "UIInterfaceOrientationPortrait UIInterfaceOrientationLandscapeLeft UIInterfaceOrientationLandscapeRight";
				LD_RUNPATH_SEARCH_PATHS = (
					"$(inherited)",
					"@executable_path/Frameworks",
				);
				MARKETING_VERSION = 1.0;
				PRODUCT_BUNDLE_IDENTIFIER = com.guvenkaranfil.SocialApp;
				PRODUCT_NAME = "$(TARGET_NAME)";
				SWIFT_EMIT_LOC_STRINGS = YES;
				SWIFT_VERSION = 5.0;
				TARGETED_DEVICE_FAMILY = "1,2";
			};
			name = Release;
		};
		9F07DAA628D7078300B6B96B /* Debug */ = {
			isa = XCBuildConfiguration;
			buildSettings = {
				ALWAYS_EMBED_SWIFT_STANDARD_LIBRARIES = YES;
				BUNDLE_LOADER = "$(TEST_HOST)";
				CODE_SIGN_STYLE = Automatic;
				CURRENT_PROJECT_VERSION = 1;
				GENERATE_INFOPLIST_FILE = YES;
				IPHONEOS_DEPLOYMENT_TARGET = 15.5;
				MARKETING_VERSION = 1.0;
				PRODUCT_BUNDLE_IDENTIFIER = com.guvenkaranfil.SocialAppTests;
				PRODUCT_NAME = "$(TARGET_NAME)";
				SWIFT_EMIT_LOC_STRINGS = NO;
				SWIFT_VERSION = 5.0;
				TARGETED_DEVICE_FAMILY = "1,2";
				TEST_HOST = "$(BUILT_PRODUCTS_DIR)/SocialApp.app/SocialApp";
			};
			name = Debug;
		};
		9F07DAA728D7078300B6B96B /* Release */ = {
			isa = XCBuildConfiguration;
			buildSettings = {
				ALWAYS_EMBED_SWIFT_STANDARD_LIBRARIES = YES;
				BUNDLE_LOADER = "$(TEST_HOST)";
				CODE_SIGN_STYLE = Automatic;
				CURRENT_PROJECT_VERSION = 1;
				GENERATE_INFOPLIST_FILE = YES;
				IPHONEOS_DEPLOYMENT_TARGET = 15.5;
				MARKETING_VERSION = 1.0;
				PRODUCT_BUNDLE_IDENTIFIER = com.guvenkaranfil.SocialAppTests;
				PRODUCT_NAME = "$(TARGET_NAME)";
				SWIFT_EMIT_LOC_STRINGS = NO;
				SWIFT_VERSION = 5.0;
				TARGETED_DEVICE_FAMILY = "1,2";
				TEST_HOST = "$(BUILT_PRODUCTS_DIR)/SocialApp.app/SocialApp";
			};
			name = Release;
		};
		9F07DAA928D7078300B6B96B /* Debug */ = {
			isa = XCBuildConfiguration;
			buildSettings = {
				ALWAYS_EMBED_SWIFT_STANDARD_LIBRARIES = YES;
				CODE_SIGN_STYLE = Automatic;
				CURRENT_PROJECT_VERSION = 1;
				GENERATE_INFOPLIST_FILE = YES;
				MARKETING_VERSION = 1.0;
				PRODUCT_BUNDLE_IDENTIFIER = com.guvenkaranfil.SocialAppUITests;
				PRODUCT_NAME = "$(TARGET_NAME)";
				SWIFT_EMIT_LOC_STRINGS = NO;
				SWIFT_VERSION = 5.0;
				TARGETED_DEVICE_FAMILY = "1,2";
				TEST_TARGET_NAME = SocialApp;
			};
			name = Debug;
		};
		9F07DAAA28D7078300B6B96B /* Release */ = {
			isa = XCBuildConfiguration;
			buildSettings = {
				ALWAYS_EMBED_SWIFT_STANDARD_LIBRARIES = YES;
				CODE_SIGN_STYLE = Automatic;
				CURRENT_PROJECT_VERSION = 1;
				GENERATE_INFOPLIST_FILE = YES;
				MARKETING_VERSION = 1.0;
				PRODUCT_BUNDLE_IDENTIFIER = com.guvenkaranfil.SocialAppUITests;
				PRODUCT_NAME = "$(TARGET_NAME)";
				SWIFT_EMIT_LOC_STRINGS = NO;
				SWIFT_VERSION = 5.0;
				TARGETED_DEVICE_FAMILY = "1,2";
				TEST_TARGET_NAME = SocialApp;
			};
			name = Release;
		};
/* End XCBuildConfiguration section */

/* Begin XCConfigurationList section */
		9F07DA7928D7078100B6B96B /* Build configuration list for PBXProject "SocialApp" */ = {
			isa = XCConfigurationList;
			buildConfigurations = (
				9F07DAA028D7078300B6B96B /* Debug */,
				9F07DAA128D7078300B6B96B /* Release */,
			);
			defaultConfigurationIsVisible = 0;
			defaultConfigurationName = Release;
		};
		9F07DAA228D7078300B6B96B /* Build configuration list for PBXNativeTarget "SocialApp" */ = {
			isa = XCConfigurationList;
			buildConfigurations = (
				9F07DAA328D7078300B6B96B /* Debug */,
				9F07DAA428D7078300B6B96B /* Release */,
			);
			defaultConfigurationIsVisible = 0;
			defaultConfigurationName = Release;
		};
		9F07DAA528D7078300B6B96B /* Build configuration list for PBXNativeTarget "SocialAppTests" */ = {
			isa = XCConfigurationList;
			buildConfigurations = (
				9F07DAA628D7078300B6B96B /* Debug */,
				9F07DAA728D7078300B6B96B /* Release */,
			);
			defaultConfigurationIsVisible = 0;
			defaultConfigurationName = Release;
		};
		9F07DAA828D7078300B6B96B /* Build configuration list for PBXNativeTarget "SocialAppUITests" */ = {
			isa = XCConfigurationList;
			buildConfigurations = (
				9F07DAA928D7078300B6B96B /* Debug */,
				9F07DAAA28D7078300B6B96B /* Release */,
			);
			defaultConfigurationIsVisible = 0;
			defaultConfigurationName = Release;
		};
/* End XCConfigurationList section */
	};
	rootObject = 9F07DA7628D7078100B6B96B /* Project object */;
}
